// !$*UTF8*$!
{
	archiveVersion = 1;
	classes = {
	};
	objectVersion = 46;
	objects = {

/* Begin PBXBuildFile section */
		17A5D33D1A212B70005D5236 /* Foundation.framework in Frameworks */ = {isa = PBXBuildFile; fileRef = 17A5D33C1A212B70005D5236 /* Foundation.framework */; };
		17A5D33F1A212B70005D5236 /* CoreGraphics.framework in Frameworks */ = {isa = PBXBuildFile; fileRef = 17A5D33E1A212B70005D5236 /* CoreGraphics.framework */; };
		17A5D3411A212B70005D5236 /* UIKit.framework in Frameworks */ = {isa = PBXBuildFile; fileRef = 17A5D3401A212B70005D5236 /* UIKit.framework */; };
		17A5D3471A212B70005D5236 /* InfoPlist.strings in Resources */ = {isa = PBXBuildFile; fileRef = 17A5D3451A212B70005D5236 /* InfoPlist.strings */; };
		17A5D3491A212B70005D5236 /* main.m in Sources */ = {isa = PBXBuildFile; fileRef = 17A5D3481A212B70005D5236 /* main.m */; };
		17A5D34D1A212B70005D5236 /* AppDelegate.m in Sources */ = {isa = PBXBuildFile; fileRef = 17A5D34C1A212B70005D5236 /* AppDelegate.m */; };
		17A5D34F1A212B70005D5236 /* Images.xcassets in Resources */ = {isa = PBXBuildFile; fileRef = 17A5D34E1A212B70005D5236 /* Images.xcassets */; };
		17A5D3561A212B70005D5236 /* XCTest.framework in Frameworks */ = {isa = PBXBuildFile; fileRef = 17A5D3551A212B70005D5236 /* XCTest.framework */; };
		17A5D3571A212B70005D5236 /* Foundation.framework in Frameworks */ = {isa = PBXBuildFile; fileRef = 17A5D33C1A212B70005D5236 /* Foundation.framework */; };
		17A5D3581A212B70005D5236 /* UIKit.framework in Frameworks */ = {isa = PBXBuildFile; fileRef = 17A5D3401A212B70005D5236 /* UIKit.framework */; };
		17A5D3601A212B70005D5236 /* InfoPlist.strings in Resources */ = {isa = PBXBuildFile; fileRef = 17A5D35E1A212B70005D5236 /* InfoPlist.strings */; };
		17A5D3621A212B70005D5236 /* OKMathTests.m in Sources */ = {isa = PBXBuildFile; fileRef = 17A5D3611A212B70005D5236 /* OKMathTests.m */; };
/* End PBXBuildFile section */

/* Begin PBXContainerItemProxy section */
		17A5D3591A212B70005D5236 /* PBXContainerItemProxy */ = {
			isa = PBXContainerItemProxy;
			containerPortal = 17A5D3311A212B70005D5236 /* Project object */;
			proxyType = 1;
			remoteGlobalIDString = 17A5D3381A212B70005D5236;
			remoteInfo = OKMath;
		};
/* End PBXContainerItemProxy section */

/* Begin PBXFileReference section */
		17A5D3391A212B70005D5236 /* OKMath.app */ = {isa = PBXFileReference; explicitFileType = wrapper.application; includeInIndex = 0; path = OKMath.app; sourceTree = BUILT_PRODUCTS_DIR; };
		17A5D33C1A212B70005D5236 /* Foundation.framework */ = {isa = PBXFileReference; lastKnownFileType = wrapper.framework; name = Foundation.framework; path = System/Library/Frameworks/Foundation.framework; sourceTree = SDKROOT; };
		17A5D33E1A212B70005D5236 /* CoreGraphics.framework */ = {isa = PBXFileReference; lastKnownFileType = wrapper.framework; name = CoreGraphics.framework; path = System/Library/Frameworks/CoreGraphics.framework; sourceTree = SDKROOT; };
		17A5D3401A212B70005D5236 /* UIKit.framework */ = {isa = PBXFileReference; lastKnownFileType = wrapper.framework; name = UIKit.framework; path = System/Library/Frameworks/UIKit.framework; sourceTree = SDKROOT; };
		17A5D3441A212B70005D5236 /* OKMath-Info.plist */ = {isa = PBXFileReference; lastKnownFileType = text.plist.xml; path = "OKMath-Info.plist"; sourceTree = "<group>"; };
		17A5D3461A212B70005D5236 /* en */ = {isa = PBXFileReference; lastKnownFileType = text.plist.strings; name = en; path = en.lproj/InfoPlist.strings; sourceTree = "<group>"; };
		17A5D3481A212B70005D5236 /* main.m */ = {isa = PBXFileReference; lastKnownFileType = sourcecode.c.objc; path = main.m; sourceTree = "<group>"; };
		17A5D34A1A212B70005D5236 /* OKMath-Prefix.pch */ = {isa = PBXFileReference; lastKnownFileType = sourcecode.c.h; path = "OKMath-Prefix.pch"; sourceTree = "<group>"; };
		17A5D34B1A212B70005D5236 /* AppDelegate.h */ = {isa = PBXFileReference; lastKnownFileType = sourcecode.c.h; path = AppDelegate.h; sourceTree = "<group>"; };
		17A5D34C1A212B70005D5236 /* AppDelegate.m */ = {isa = PBXFileReference; lastKnownFileType = sourcecode.c.objc; path = AppDelegate.m; sourceTree = "<group>"; };
		17A5D34E1A212B70005D5236 /* Images.xcassets */ = {isa = PBXFileReference; lastKnownFileType = folder.assetcatalog; path = Images.xcassets; sourceTree = "<group>"; };
		17A5D3541A212B70005D5236 /* OKMathTests.xctest */ = {isa = PBXFileReference; explicitFileType = wrapper.cfbundle; includeInIndex = 0; path = OKMathTests.xctest; sourceTree = BUILT_PRODUCTS_DIR; };
		17A5D3551A212B70005D5236 /* XCTest.framework */ = {isa = PBXFileReference; lastKnownFileType = wrapper.framework; name = XCTest.framework; path = Library/Frameworks/XCTest.framework; sourceTree = DEVELOPER_DIR; };
		17A5D35D1A212B70005D5236 /* OKMathTests-Info.plist */ = {isa = PBXFileReference; lastKnownFileType = text.plist.xml; path = "OKMathTests-Info.plist"; sourceTree = "<group>"; };
		17A5D35F1A212B70005D5236 /* en */ = {isa = PBXFileReference; lastKnownFileType = text.plist.strings; name = en; path = en.lproj/InfoPlist.strings; sourceTree = "<group>"; };
		17A5D3611A212B70005D5236 /* OKMathTests.m */ = {isa = PBXFileReference; lastKnownFileType = sourcecode.c.objc; path = OKMathTests.m; sourceTree = "<group>"; };
/* End PBXFileReference section */

/* Begin PBXFrameworksBuildPhase section */
		17A5D3361A212B70005D5236 /* Frameworks */ = {
			isa = PBXFrameworksBuildPhase;
			buildActionMask = 2147483647;
			files = (
				17A5D33F1A212B70005D5236 /* CoreGraphics.framework in Frameworks */,
				17A5D3411A212B70005D5236 /* UIKit.framework in Frameworks */,
				17A5D33D1A212B70005D5236 /* Foundation.framework in Frameworks */,
			);
			runOnlyForDeploymentPostprocessing = 0;
		};
		17A5D3511A212B70005D5236 /* Frameworks */ = {
			isa = PBXFrameworksBuildPhase;
			buildActionMask = 2147483647;
			files = (
				17A5D3561A212B70005D5236 /* XCTest.framework in Frameworks */,
				17A5D3581A212B70005D5236 /* UIKit.framework in Frameworks */,
				17A5D3571A212B70005D5236 /* Foundation.framework in Frameworks */,
			);
			runOnlyForDeploymentPostprocessing = 0;
		};
/* End PBXFrameworksBuildPhase section */

/* Begin PBXGroup section */
		17A5D3301A212B70005D5236 = {
			isa = PBXGroup;
			children = (
				17A5D3421A212B70005D5236 /* OKMath */,
				17A5D35B1A212B70005D5236 /* OKMathTests */,
				17A5D33B1A212B70005D5236 /* Frameworks */,
				17A5D33A1A212B70005D5236 /* Products */,
			);
			sourceTree = "<group>";
		};
		17A5D33A1A212B70005D5236 /* Products */ = {
			isa = PBXGroup;
			children = (
				17A5D3391A212B70005D5236 /* OKMath.app */,
				17A5D3541A212B70005D5236 /* OKMathTests.xctest */,
			);
			name = Products;
			sourceTree = "<group>";
		};
		17A5D33B1A212B70005D5236 /* Frameworks */ = {
			isa = PBXGroup;
			children = (
				17A5D33C1A212B70005D5236 /* Foundation.framework */,
				17A5D33E1A212B70005D5236 /* CoreGraphics.framework */,
				17A5D3401A212B70005D5236 /* UIKit.framework */,
				17A5D3551A212B70005D5236 /* XCTest.framework */,
			);
			name = Frameworks;
			sourceTree = "<group>";
		};
		17A5D3421A212B70005D5236 /* OKMath */ = {
			isa = PBXGroup;
			children = (
				17A5D34B1A212B70005D5236 /* AppDelegate.h */,
				17A5D34C1A212B70005D5236 /* AppDelegate.m */,
				17A5D34E1A212B70005D5236 /* Images.xcassets */,
				17A5D3431A212B70005D5236 /* Supporting Files */,
			);
			path = OKMath;
			sourceTree = "<group>";
		};
		17A5D3431A212B70005D5236 /* Supporting Files */ = {
			isa = PBXGroup;
			children = (
				17A5D3441A212B70005D5236 /* OKMath-Info.plist */,
				17A5D3451A212B70005D5236 /* InfoPlist.strings */,
				17A5D3481A212B70005D5236 /* main.m */,
				17A5D34A1A212B70005D5236 /* OKMath-Prefix.pch */,
			);
			name = "Supporting Files";
			sourceTree = "<group>";
		};
		17A5D35B1A212B70005D5236 /* OKMathTests */ = {
			isa = PBXGroup;
			children = (
				17A5D3611A212B70005D5236 /* OKMathTests.m */,
				17A5D35C1A212B70005D5236 /* Supporting Files */,
			);
			path = OKMathTests;
			sourceTree = "<group>";
		};
		17A5D35C1A212B70005D5236 /* Supporting Files */ = {
			isa = PBXGroup;
			children = (
				17A5D35D1A212B70005D5236 /* OKMathTests-Info.plist */,
				17A5D35E1A212B70005D5236 /* InfoPlist.strings */,
			);
			name = "Supporting Files";
			sourceTree = "<group>";
		};
/* End PBXGroup section */

/* Begin PBXNativeTarget section */
		17A5D3381A212B70005D5236 /* OKMath */ = {
			isa = PBXNativeTarget;
			buildConfigurationList = 17A5D3651A212B70005D5236 /* Build configuration list for PBXNativeTarget "OKMath" */;
			buildPhases = (
				17A5D3351A212B70005D5236 /* Sources */,
				17A5D3361A212B70005D5236 /* Frameworks */,
				17A5D3371A212B70005D5236 /* Resources */,
			);
			buildRules = (
			);
			dependencies = (
			);
			name = OKMath;
			productName = OKMath;
			productReference = 17A5D3391A212B70005D5236 /* OKMath.app */;
			productType = "com.apple.product-type.application";
		};
		17A5D3531A212B70005D5236 /* OKMathTests */ = {
			isa = PBXNativeTarget;
			buildConfigurationList = 17A5D3681A212B70005D5236 /* Build configuration list for PBXNativeTarget "OKMathTests" */;
			buildPhases = (
				17A5D3501A212B70005D5236 /* Sources */,
				17A5D3511A212B70005D5236 /* Frameworks */,
				17A5D3521A212B70005D5236 /* Resources */,
			);
			buildRules = (
			);
			dependencies = (
				17A5D35A1A212B70005D5236 /* PBXTargetDependency */,
			);
			name = OKMathTests;
			productName = OKMathTests;
			productReference = 17A5D3541A212B70005D5236 /* OKMathTests.xctest */;
			productType = "com.apple.product-type.bundle.unit-test";
		};
/* End PBXNativeTarget section */

/* Begin PBXProject section */
		17A5D3311A212B70005D5236 /* Project object */ = {
			isa = PBXProject;
			attributes = {
				LastUpgradeCheck = 0510;
				ORGANIZATIONNAME = omer;
				TargetAttributes = {
					17A5D3531A212B70005D5236 = {
						TestTargetID = 17A5D3381A212B70005D5236;
					};
				};
			};
			buildConfigurationList = 17A5D3341A212B70005D5236 /* Build configuration list for PBXProject "OKMath" */;
			compatibilityVersion = "Xcode 3.2";
			developmentRegion = English;
			hasScannedForEncodings = 0;
			knownRegions = (
				en,
			);
			mainGroup = 17A5D3301A212B70005D5236;
			productRefGroup = 17A5D33A1A212B70005D5236 /* Products */;
			projectDirPath = "";
			projectRoot = "";
			targets = (
				17A5D3381A212B70005D5236 /* OKMath */,
				17A5D3531A212B70005D5236 /* OKMathTests */,
			);
		};
/* End PBXProject section */

/* Begin PBXResourcesBuildPhase section */
		17A5D3371A212B70005D5236 /* Resources */ = {
			isa = PBXResourcesBuildPhase;
			buildActionMask = 2147483647;
			files = (
				17A5D3471A212B70005D5236 /* InfoPlist.strings in Resources */,
				17A5D34F1A212B70005D5236 /* Images.xcassets in Resources */,
			);
			runOnlyForDeploymentPostprocessing = 0;
		};
		17A5D3521A212B70005D5236 /* Resources */ = {
			isa = PBXResourcesBuildPhase;
			buildActionMask = 2147483647;
			files = (
				17A5D3601A212B70005D5236 /* InfoPlist.strings in Resources */,
			);
			runOnlyForDeploymentPostprocessing = 0;
		};
/* End PBXResourcesBuildPhase section */

/* Begin PBXSourcesBuildPhase section */
		17A5D3351A212B70005D5236 /* Sources */ = {
			isa = PBXSourcesBuildPhase;
			buildActionMask = 2147483647;
			files = (
				17A5D34D1A212B70005D5236 /* AppDelegate.m in Sources */,
				17A5D3491A212B70005D5236 /* main.m in Sources */,
			);
			runOnlyForDeploymentPostprocessing = 0;
		};
		17A5D3501A212B70005D5236 /* Sources */ = {
			isa = PBXSourcesBuildPhase;
			buildActionMask = 2147483647;
			files = (
				17A5D3621A212B70005D5236 /* OKMathTests.m in Sources */,
			);
			runOnlyForDeploymentPostprocessing = 0;
		};
/* End PBXSourcesBuildPhase section */

/* Begin PBXTargetDependency section */
		17A5D35A1A212B70005D5236 /* PBXTargetDependency */ = {
			isa = PBXTargetDependency;
			target = 17A5D3381A212B70005D5236 /* OKMath */;
			targetProxy = 17A5D3591A212B70005D5236 /* PBXContainerItemProxy */;
		};
/* End PBXTargetDependency section */

/* Begin PBXVariantGroup section */
		17A5D3451A212B70005D5236 /* InfoPlist.strings */ = {
			isa = PBXVariantGroup;
			children = (
				17A5D3461A212B70005D5236 /* en */,
			);
			name = InfoPlist.strings;
			sourceTree = "<group>";
		};
		17A5D35E1A212B70005D5236 /* InfoPlist.strings */ = {
			isa = PBXVariantGroup;
			children = (
				17A5D35F1A212B70005D5236 /* en */,
			);
			name = InfoPlist.strings;
			sourceTree = "<group>";
		};
/* End PBXVariantGroup section */

/* Begin XCBuildConfiguration section */
		17A5D3631A212B70005D5236 /* Debug */ = {
			isa = XCBuildConfiguration;
			buildSettings = {
				ALWAYS_SEARCH_USER_PATHS = NO;
				CLANG_CXX_LANGUAGE_STANDARD = "gnu++0x";
				CLANG_CXX_LIBRARY = "libc++";
				CLANG_ENABLE_MODULES = YES;
				CLANG_ENABLE_OBJC_ARC = YES;
				CLANG_WARN_BOOL_CONVERSION = YES;
				CLANG_WARN_CONSTANT_CONVERSION = YES;
				CLANG_WARN_DIRECT_OBJC_ISA_USAGE = YES_ERROR;
				CLANG_WARN_EMPTY_BODY = YES;
				CLANG_WARN_ENUM_CONVERSION = YES;
				CLANG_WARN_INT_CONVERSION = YES;
				CLANG_WARN_OBJC_ROOT_CLASS = YES_ERROR;
				CLANG_WARN__DUPLICATE_METHOD_MATCH = YES;
				"CODE_SIGN_IDENTITY[sdk=iphoneos*]" = "iPhone Developer";
				COPY_PHASE_STRIP = NO;
				GCC_C_LANGUAGE_STANDARD = gnu99;
				GCC_DYNAMIC_NO_PIC = NO;
				GCC_OPTIMIZATION_LEVEL = 0;
				GCC_PREPROCESSOR_DEFINITIONS = (
					"DEBUG=1",
					"$(inherited)",
				);
				GCC_SYMBOLS_PRIVATE_EXTERN = NO;
				GCC_WARN_64_TO_32_BIT_CONVERSION = YES;
				GCC_WARN_ABOUT_RETURN_TYPE = YES_ERROR;
				GCC_WARN_UNDECLARED_SELECTOR = YES;
				GCC_WARN_UNINITIALIZED_AUTOS = YES_AGGRESSIVE;
				GCC_WARN_UNUSED_FUNCTION = YES;
				GCC_WARN_UNUSED_VARIABLE = YES;
				IPHONEOS_DEPLOYMENT_TARGET = 7.1;
				ONLY_ACTIVE_ARCH = YES;
				SDKROOT = iphoneos;
			};
			name = Debug;
		};
		17A5D3641A212B70005D5236 /* Release */ = {
			isa = XCBuildConfiguration;
			buildSettings = {
				ALWAYS_SEARCH_USER_PATHS = NO;
				CLANG_CXX_LANGUAGE_STANDARD = "gnu++0x";
				CLANG_CXX_LIBRARY = "libc++";
				CLANG_ENABLE_MODULES = YES;
				CLANG_ENABLE_OBJC_ARC = YES;
				CLANG_WARN_BOOL_CONVERSION = YES;
				CLANG_WARN_CONSTANT_CONVERSION = YES;
				CLANG_WARN_DIRECT_OBJC_ISA_USAGE = YES_ERROR;
				CLANG_WARN_EMPTY_BODY = YES;
				CLANG_WARN_ENUM_CONVERSION = YES;
				CLANG_WARN_INT_CONVERSION = YES;
				CLANG_WARN_OBJC_ROOT_CLASS = YES_ERROR;
				CLANG_WARN__DUPLICATE_METHOD_MATCH = YES;
				"CODE_SIGN_IDENTITY[sdk=iphoneos*]" = "iPhone Developer";
				COPY_PHASE_STRIP = YES;
				ENABLE_NS_ASSERTIONS = NO;
				GCC_C_LANGUAGE_STANDARD = gnu99;
				GCC_WARN_64_TO_32_BIT_CONVERSION = YES;
				GCC_WARN_ABOUT_RETURN_TYPE = YES_ERROR;
				GCC_WARN_UNDECLARED_SELECTOR = YES;
				GCC_WARN_UNINITIALIZED_AUTOS = YES_AGGRESSIVE;
				GCC_WARN_UNUSED_FUNCTION = YES;
				GCC_WARN_UNUSED_VARIABLE = YES;
				IPHONEOS_DEPLOYMENT_TARGET = 7.1;
				SDKROOT = iphoneos;
				VALIDATE_PRODUCT = YES;
			};
			name = Release;
		};
		17A5D3661A212B70005D5236 /* Debug */ = {
			isa = XCBuildConfiguration;
			buildSettings = {
				ASSETCATALOG_COMPILER_APPICON_NAME = AppIcon;
				ASSETCATALOG_COMPILER_LAUNCHIMAGE_NAME = LaunchImage;
				GCC_PRECOMPILE_PREFIX_HEADER = YES;
				GCC_PREFIX_HEADER = "OKMath/OKMath-Prefix.pch";
				INFOPLIST_FILE = "OKMath/OKMath-Info.plist";
				PRODUCT_NAME = "$(TARGET_NAME)";
				WRAPPER_EXTENSION = app;
			};
			name = Debug;
		};
		17A5D3671A212B70005D5236 /* Release */ = {
			isa = XCBuildConfiguration;
			buildSettings = {
				ASSETCATALOG_COMPILER_APPICON_NAME = AppIcon;
				ASSETCATALOG_COMPILER_LAUNCHIMAGE_NAME = LaunchImage;
				GCC_PRECOMPILE_PREFIX_HEADER = YES;
				GCC_PREFIX_HEADER = "OKMath/OKMath-Prefix.pch";
				INFOPLIST_FILE = "OKMath/OKMath-Info.plist";
				PRODUCT_NAME = "$(TARGET_NAME)";
				WRAPPER_EXTENSION = app;
			};
			name = Release;
		};
		17A5D3691A212B70005D5236 /* Debug */ = {
			isa = XCBuildConfiguration;
			buildSettings = {
				BUNDLE_LOADER = "$(BUILT_PRODUCTS_DIR)/OKMath.app/OKMath";
				FRAMEWORK_SEARCH_PATHS = (
					"$(SDKROOT)/Developer/Library/Frameworks",
					"$(inherited)",
					"$(DEVELOPER_FRAMEWORKS_DIR)",
				);
				GCC_PRECOMPILE_PREFIX_HEADER = YES;
				GCC_PREFIX_HEADER = "OKMath/OKMath-Prefix.pch";
				GCC_PREPROCESSOR_DEFINITIONS = (
					"DEBUG=1",
					"$(inherited)",
				);
				INFOPLIST_FILE = "OKMathTests/OKMathTests-Info.plist";
				PRODUCT_NAME = "$(TARGET_NAME)";
				TEST_HOST = "$(BUNDLE_LOADER)";
				WRAPPER_EXTENSION = xctest;
			};
			name = Debug;
		};
		17A5D36A1A212B70005D5236 /* Release */ = {
			isa = XCBuildConfiguration;
			buildSettings = {
				BUNDLE_LOADER = "$(BUILT_PRODUCTS_DIR)/OKMath.app/OKMath";
				FRAMEWORK_SEARCH_PATHS = (
					"$(SDKROOT)/Developer/Library/Frameworks",
					"$(inherited)",
					"$(DEVELOPER_FRAMEWORKS_DIR)",
				);
				GCC_PRECOMPILE_PREFIX_HEADER = YES;
				GCC_PREFIX_HEADER = "OKMath/OKMath-Prefix.pch";
				INFOPLIST_FILE = "OKMathTests/OKMathTests-Info.plist";
				PRODUCT_NAME = "$(TARGET_NAME)";
				TEST_HOST = "$(BUNDLE_LOADER)";
				WRAPPER_EXTENSION = xctest;
			};
			name = Release;
		};
/* End XCBuildConfiguration section */

/* Begin XCConfigurationList section */
		17A5D3341A212B70005D5236 /* Build configuration list for PBXProject "OKMath" */ = {
			isa = XCConfigurationList;
			buildConfigurations = (
				17A5D3631A212B70005D5236 /* Debug */,
				17A5D3641A212B70005D5236 /* Release */,
			);
			defaultConfigurationIsVisible = 0;
			defaultConfigurationName = Release;
		};
		17A5D3651A212B70005D5236 /* Build configuration list for PBXNativeTarget "OKMath" */ = {
			isa = XCConfigurationList;
			buildConfigurations = (
				17A5D3661A212B70005D5236 /* Debug */,
				17A5D3671A212B70005D5236 /* Release */,
			);
			defaultConfigurationIsVisible = 0;
		};
		17A5D3681A212B70005D5236 /* Build configuration list for PBXNativeTarget "OKMathTests" */ = {
			isa = XCConfigurationList;
			buildConfigurations = (
				17A5D3691A212B70005D5236 /* Debug */,
				17A5D36A1A212B70005D5236 /* Release */,
			);
			defaultConfigurationIsVisible = 0;
		};
/* End XCConfigurationList section */
	};
	rootObject = 17A5D3311A212B70005D5236 /* Project object */;
}
